
Microsoft Visual Studio Solution File, Format Version 12.00
# Visual Studio Version 17
VisualStudioVersion = 17.3.32929.385
MinimumVisualStudioVersion = 10.0.40219.1
Project("{FAE04EC0-301F-11D3-BF4B-00C04F79EFBC}") = "solution_using_semaphores2", "solution_using_semaphores2.csproj", "{208D54BF-67DC-4EFF-9A5F-C4C6C2C79851}"
EndProject
Global
	GlobalSection(SolutionConfigurationPlatforms) = preSolution
		Debug|Any CPU = Debug|Any CPU
		Release|Any CPU = Release|Any CPU
	EndGlobalSection
	GlobalSection(ProjectConfigurationPlatforms) = postSolution
		{208D54BF-67DC-4EFF-9A5F-C4C6C2C79851}.Debug|Any CPU.ActiveCfg = Debug|Any CPU
		{208D54BF-67DC-4EFF-9A5F-C4C6C2C79851}.Debug|Any CPU.Build.0 = Debug|Any CPU
		{208D54BF-67DC-4EFF-9A5F-C4C6C2C79851}.Release|Any CPU.ActiveCfg = Release|Any CPU
		{208D54BF-67DC-4EFF-9A5F-C4C6C2C79851}.Release|Any CPU.Build.0 = Release|Any CPU
	EndGlobalSection
	GlobalSection(SolutionProperties) = preSolution
		HideSolutionNode = FALSE
	EndGlobalSection
	GlobalSection(ExtensibilityGlobals) = postSolution
		SolutionGuid = {42D29FAA-6BC8-431E-9394-207A05A29B0E}
	EndGlobalSection
EndGlobal
