
Microsoft Visual Studio Solution File, Format Version 12.00
# Visual Studio Version 17
VisualStudioVersion = 17.3.32929.385
MinimumVisualStudioVersion = 10.0.40219.1
Project("{FAE04EC0-301F-11D3-BF4B-00C04F79EFBC}") = "solution_using_semaphores", "solution_using_semaphores.csproj", "{3386102A-DB1B-4011-A9D2-18DD991D7C4E}"
EndProject
Global
	GlobalSection(SolutionConfigurationPlatforms) = preSolution
		Debug|Any CPU = Debug|Any CPU
		Release|Any CPU = Release|Any CPU
	EndGlobalSection
	GlobalSection(ProjectConfigurationPlatforms) = postSolution
		{3386102A-DB1B-4011-A9D2-18DD991D7C4E}.Debug|Any CPU.ActiveCfg = Debug|Any CPU
		{3386102A-DB1B-4011-A9D2-18DD991D7C4E}.Debug|Any CPU.Build.0 = Debug|Any CPU
		{3386102A-DB1B-4011-A9D2-18DD991D7C4E}.Release|Any CPU.ActiveCfg = Release|Any CPU
		{3386102A-DB1B-4011-A9D2-18DD991D7C4E}.Release|Any CPU.Build.0 = Release|Any CPU
	EndGlobalSection
	GlobalSection(SolutionProperties) = preSolution
		HideSolutionNode = FALSE
	EndGlobalSection
	GlobalSection(ExtensibilityGlobals) = postSolution
		SolutionGuid = {E0D75610-EC15-4E39-A2F4-5740A1B827E3}
	EndGlobalSection
EndGlobal
